
Microsoft Visual Studio Solution File, Format Version 12.00
# Visual Studio Version 16
VisualStudioVersion = 16.0.29509.3
MinimumVisualStudioVersion = 10.0.40219.1
Project("{888888A0-9F3D-457C-B088-3A5042F75D52}") = "GrowBox_VS", "GrowBox_VS.pyproj", "{185F0AAC-AD2E-4CA2-9911-DAB64E04E017}"
EndProject
Global
	GlobalSection(SolutionConfigurationPlatforms) = preSolution
		Debug|Any CPU = Debug|Any CPU
		Release|Any CPU = Release|Any CPU
	EndGlobalSection
	GlobalSection(ProjectConfigurationPlatforms) = postSolution
		{185F0AAC-AD2E-4CA2-9911-DAB64E04E017}.Debug|Any CPU.ActiveCfg = Debug|Any CPU
		{185F0AAC-AD2E-4CA2-9911-DAB64E04E017}.Debug|Any CPU.Build.0 = Debug|Any CPU
		{185F0AAC-AD2E-4CA2-9911-DAB64E04E017}.Release|Any CPU.ActiveCfg = Release|Any CPU
		{185F0AAC-AD2E-4CA2-9911-DAB64E04E017}.Release|Any CPU.Build.0 = Release|Any CPU
	EndGlobalSection
	GlobalSection(SolutionProperties) = preSolution
		HideSolutionNode = FALSE
	EndGlobalSection
	GlobalSection(ExtensibilityGlobals) = postSolution
		SolutionGuid = {164ABE38-ED6C-4A77-804D-6BB1A615780D}
	EndGlobalSection
EndGlobal
